
Microsoft Visual Studio Solution File, Format Version 12.00
# Visual Studio Version 17
VisualStudioVersion = 17.8.34525.116
MinimumVisualStudioVersion = 10.0.40219.1
Project("{FAE04EC0-301F-11D3-BF4B-00C04F79EFBC}") = "WebApplication1", "WebApplication1\WebApplication1.csproj", "{1DD3E900-4BEE-4076-A16D-2A5E384E1D18}"
EndProject
Global
	GlobalSection(SolutionConfigurationPlatforms) = preSolution
		Debug|Any CPU = Debug|Any CPU
		Release|Any CPU = Release|Any CPU
	EndGlobalSection
	GlobalSection(ProjectConfigurationPlatforms) = postSolution
		{1DD3E900-4BEE-4076-A16D-2A5E384E1D18}.Debug|Any CPU.ActiveCfg = Debug|Any CPU
		{1DD3E900-4BEE-4076-A16D-2A5E384E1D18}.Debug|Any CPU.Build.0 = Debug|Any CPU
		{1DD3E900-4BEE-4076-A16D-2A5E384E1D18}.Release|Any CPU.ActiveCfg = Release|Any CPU
		{1DD3E900-4BEE-4076-A16D-2A5E384E1D18}.Release|Any CPU.Build.0 = Release|Any CPU
	EndGlobalSection
	GlobalSection(SolutionProperties) = preSolution
		HideSolutionNode = FALSE
	EndGlobalSection
	GlobalSection(ExtensibilityGlobals) = postSolution
		SolutionGuid = {D973FE98-30E0-4BAD-A36A-93E3F2D63A8A}
	EndGlobalSection
EndGlobal
